// !$*UTF8*$!
{
	archiveVersion = 1;
	classes = {
	};
	objectVersion = 46;
	objects = {

/* Begin PBXBuildFile section */
		125C37F81CF7346400A6F1A4 /* VC2.m in Sources */ = {isa = PBXBuildFile; fileRef = 125C37F71CF7346400A6F1A4 /* VC2.m */; };
		125C37FA1CF74B7200A6F1A4 /* PopView.xib in Resources */ = {isa = PBXBuildFile; fileRef = 125C37F91CF74B7200A6F1A4 /* PopView.xib */; };
		128CB7BE1CFC945B00203D09 /* VC3.m in Sources */ = {isa = PBXBuildFile; fileRef = 128CB7BD1CFC945B00203D09 /* VC3.m */; };
		DC1A6EC41CFC34410017E1B2 /* ad_pause_p@2x.png in Resources */ = {isa = PBXBuildFile; fileRef = DC1A6EB81CFC34410017E1B2 /* ad_pause_p@2x.png */; };
		DC1A6EC51CFC34410017E1B2 /* ad_play_p@2x.png in Resources */ = {isa = PBXBuildFile; fileRef = DC1A6EB91CFC34410017E1B2 /* ad_play_p@2x.png */; };
		DC1A6EC61CFC34410017E1B2 /* fullscreen@2x.png in Resources */ = {isa = PBXBuildFile; fileRef = DC1A6EBA1CFC34410017E1B2 /* fullscreen@2x.png */; };
		DC1A6EC71CFC34410017E1B2 /* ico_palyer_circle@2x.png in Resources */ = {isa = PBXBuildFile; fileRef = DC1A6EBB1CFC34410017E1B2 /* ico_palyer_circle@2x.png */; };
		DC1A6EC81CFC34410017E1B2 /* nonfullscreen@2x.png in Resources */ = {isa = PBXBuildFile; fileRef = DC1A6EBC1CFC34410017E1B2 /* nonfullscreen@2x.png */; };
		DC1A6EC91CFC34410017E1B2 /* player_back@2x.png in Resources */ = {isa = PBXBuildFile; fileRef = DC1A6EBD1CFC34410017E1B2 /* player_back@2x.png */; };
		DC1A6ECA1CFC34410017E1B2 /* player_goforward@2x.png in Resources */ = {isa = PBXBuildFile; fileRef = DC1A6EBE1CFC34410017E1B2 /* player_goforward@2x.png */; };
		DC1A6ECB1CFC34410017E1B2 /* progressThumb@2x.png in Resources */ = {isa = PBXBuildFile; fileRef = DC1A6EBF1CFC34410017E1B2 /* progressThumb@2x.png */; };
		DC1A6ECC1CFC34410017E1B2 /* yinliangda.png in Resources */ = {isa = PBXBuildFile; fileRef = DC1A6EC01CFC34410017E1B2 /* yinliangda.png */; };
		DC1A6ECD1CFC34410017E1B2 /* yinliangxiao.png in Resources */ = {isa = PBXBuildFile; fileRef = DC1A6EC11CFC34410017E1B2 /* yinliangxiao.png */; };
		DC1A6ECE1CFC34410017E1B2 /* SZPlayer.m in Sources */ = {isa = PBXBuildFile; fileRef = DC1A6EC31CFC34410017E1B2 /* SZPlayer.m */; };
		DCDFE5191CF5821200ABB4B5 /* main.m in Sources */ = {isa = PBXBuildFile; fileRef = DCDFE5181CF5821200ABB4B5 /* main.m */; };
		DCDFE51C1CF5821200ABB4B5 /* AppDelegate.m in Sources */ = {isa = PBXBuildFile; fileRef = DCDFE51B1CF5821200ABB4B5 /* AppDelegate.m */; };
		DCDFE51F1CF5821200ABB4B5 /* ViewController.m in Sources */ = {isa = PBXBuildFile; fileRef = DCDFE51E1CF5821200ABB4B5 /* ViewController.m */; };
		DCDFE5221CF5821200ABB4B5 /* Main.storyboard in Resources */ = {isa = PBXBuildFile; fileRef = DCDFE5201CF5821200ABB4B5 /* Main.storyboard */; };
		DCDFE5241CF5821200ABB4B5 /* Assets.xcassets in Resources */ = {isa = PBXBuildFile; fileRef = DCDFE5231CF5821200ABB4B5 /* Assets.xcassets */; };
		DCDFE5271CF5821200ABB4B5 /* LaunchScreen.storyboard in Resources */ = {isa = PBXBuildFile; fileRef = DCDFE5251CF5821200ABB4B5 /* LaunchScreen.storyboard */; };
		DCDFE5321CF5821200ABB4B5 /* SZPlayerTests.m in Sources */ = {isa = PBXBuildFile; fileRef = DCDFE5311CF5821200ABB4B5 /* SZPlayerTests.m */; };
		DCDFE53D1CF5821200ABB4B5 /* SZPlayerUITests.m in Sources */ = {isa = PBXBuildFile; fileRef = DCDFE53C1CF5821200ABB4B5 /* SZPlayerUITests.m */; };
		DCDFE54F1CF5831E00ABB4B5 /* AVFoundation.framework in Frameworks */ = {isa = PBXBuildFile; fileRef = DCDFE54E1CF5831E00ABB4B5 /* AVFoundation.framework */; };
/* End PBXBuildFile section */

/* Begin PBXContainerItemProxy section */
		DCDFE52E1CF5821200ABB4B5 /* PBXContainerItemProxy */ = {
			isa = PBXContainerItemProxy;
			containerPortal = DCDFE50C1CF5821100ABB4B5 /* Project object */;
			proxyType = 1;
			remoteGlobalIDString = DCDFE5131CF5821100ABB4B5;
			remoteInfo = SZPlayer;
		};
		DCDFE5391CF5821200ABB4B5 /* PBXContainerItemProxy */ = {
			isa = PBXContainerItemProxy;
			containerPortal = DCDFE50C1CF5821100ABB4B5 /* Project object */;
			proxyType = 1;
			remoteGlobalIDString = DCDFE5131CF5821100ABB4B5;
			remoteInfo = SZPlayer;
		};
/* End PBXContainerItemProxy section */

/* Begin PBXFileReference section */
		125C37F61CF7346400A6F1A4 /* VC2.h */ = {isa = PBXFileReference; fileEncoding = 4; lastKnownFileType = sourcecode.c.h; path = VC2.h; sourceTree = "<group>"; };
		125C37F71CF7346400A6F1A4 /* VC2.m */ = {isa = PBXFileReference; fileEncoding = 4; lastKnownFileType = sourcecode.c.objc; path = VC2.m; sourceTree = "<group>"; };
		125C37F91CF74B7200A6F1A4 /* PopView.xib */ = {isa = PBXFileReference; fileEncoding = 4; lastKnownFileType = file.xib; path = PopView.xib; sourceTree = "<group>"; };
		128CB7BC1CFC945B00203D09 /* VC3.h */ = {isa = PBXFileReference; fileEncoding = 4; lastKnownFileType = sourcecode.c.h; path = VC3.h; sourceTree = "<group>"; };
		128CB7BD1CFC945B00203D09 /* VC3.m */ = {isa = PBXFileReference; fileEncoding = 4; lastKnownFileType = sourcecode.c.objc; path = VC3.m; sourceTree = "<group>"; };
		DC1A6EB81CFC34410017E1B2 /* ad_pause_p@2x.png */ = {isa = PBXFileReference; lastKnownFileType = image.png; path = "ad_pause_p@2x.png"; sourceTree = "<group>"; };
		DC1A6EB91CFC34410017E1B2 /* ad_play_p@2x.png */ = {isa = PBXFileReference; lastKnownFileType = image.png; path = "ad_play_p@2x.png"; sourceTree = "<group>"; };
		DC1A6EBA1CFC34410017E1B2 /* fullscreen@2x.png */ = {isa = PBXFileReference; lastKnownFileType = image.png; path = "fullscreen@2x.png"; sourceTree = "<group>"; };
		DC1A6EBB1CFC34410017E1B2 /* ico_palyer_circle@2x.png */ = {isa = PBXFileReference; lastKnownFileType = image.png; path = "ico_palyer_circle@2x.png"; sourceTree = "<group>"; };
		DC1A6EBC1CFC34410017E1B2 /* nonfullscreen@2x.png */ = {isa = PBXFileReference; lastKnownFileType = image.png; path = "nonfullscreen@2x.png"; sourceTree = "<group>"; };
		DC1A6EBD1CFC34410017E1B2 /* player_back@2x.png */ = {isa = PBXFileReference; lastKnownFileType = image.png; path = "player_back@2x.png"; sourceTree = "<group>"; };
		DC1A6EBE1CFC34410017E1B2 /* player_goforward@2x.png */ = {isa = PBXFileReference; lastKnownFileType = image.png; path = "player_goforward@2x.png"; sourceTree = "<group>"; };
		DC1A6EBF1CFC34410017E1B2 /* progressThumb@2x.png */ = {isa = PBXFileReference; lastKnownFileType = image.png; path = "progressThumb@2x.png"; sourceTree = "<group>"; };
		DC1A6EC01CFC34410017E1B2 /* yinliangda.png */ = {isa = PBXFileReference; lastKnownFileType = image.png; path = yinliangda.png; sourceTree = "<group>"; };
		DC1A6EC11CFC34410017E1B2 /* yinliangxiao.png */ = {isa = PBXFileReference; lastKnownFileType = image.png; path = yinliangxiao.png; sourceTree = "<group>"; };
		DC1A6EC21CFC34410017E1B2 /* SZPlayer.h */ = {isa = PBXFileReference; fileEncoding = 4; lastKnownFileType = sourcecode.c.h; path = SZPlayer.h; sourceTree = "<group>"; };
		DC1A6EC31CFC34410017E1B2 /* SZPlayer.m */ = {isa = PBXFileReference; fileEncoding = 4; lastKnownFileType = sourcecode.c.objc; path = SZPlayer.m; sourceTree = "<group>"; };
		DCDFE5141CF5821100ABB4B5 /* SZPlayer.app */ = {isa = PBXFileReference; explicitFileType = wrapper.application; includeInIndex = 0; path = SZPlayer.app; sourceTree = BUILT_PRODUCTS_DIR; };
		DCDFE5181CF5821200ABB4B5 /* main.m */ = {isa = PBXFileReference; lastKnownFileType = sourcecode.c.objc; path = main.m; sourceTree = "<group>"; };
		DCDFE51A1CF5821200ABB4B5 /* AppDelegate.h */ = {isa = PBXFileReference; lastKnownFileType = sourcecode.c.h; path = AppDelegate.h; sourceTree = "<group>"; };
		DCDFE51B1CF5821200ABB4B5 /* AppDelegate.m */ = {isa = PBXFileReference; lastKnownFileType = sourcecode.c.objc; path = AppDelegate.m; sourceTree = "<group>"; };
		DCDFE51D1CF5821200ABB4B5 /* ViewController.h */ = {isa = PBXFileReference; lastKnownFileType = sourcecode.c.h; path = ViewController.h; sourceTree = "<group>"; };
		DCDFE51E1CF5821200ABB4B5 /* ViewController.m */ = {isa = PBXFileReference; lastKnownFileType = sourcecode.c.objc; path = ViewController.m; sourceTree = "<group>"; };
		DCDFE5211CF5821200ABB4B5 /* Base */ = {isa = PBXFileReference; lastKnownFileType = file.storyboard; name = Base; path = Base.lproj/Main.storyboard; sourceTree = "<group>"; };
		DCDFE5231CF5821200ABB4B5 /* Assets.xcassets */ = {isa = PBXFileReference; lastKnownFileType = folder.assetcatalog; path = Assets.xcassets; sourceTree = "<group>"; };
		DCDFE5261CF5821200ABB4B5 /* Base */ = {isa = PBXFileReference; lastKnownFileType = file.storyboard; name = Base; path = Base.lproj/LaunchScreen.storyboard; sourceTree = "<group>"; };
		DCDFE5281CF5821200ABB4B5 /* Info.plist */ = {isa = PBXFileReference; lastKnownFileType = text.plist.xml; path = Info.plist; sourceTree = "<group>"; };
		DCDFE52D1CF5821200ABB4B5 /* SZPlayerTests.xctest */ = {isa = PBXFileReference; explicitFileType = wrapper.cfbundle; includeInIndex = 0; path = SZPlayerTests.xctest; sourceTree = BUILT_PRODUCTS_DIR; };
		DCDFE5311CF5821200ABB4B5 /* SZPlayerTests.m */ = {isa = PBXFileReference; lastKnownFileType = sourcecode.c.objc; path = SZPlayerTests.m; sourceTree = "<group>"; };
		DCDFE5331CF5821200ABB4B5 /* Info.plist */ = {isa = PBXFileReference; lastKnownFileType = text.plist.xml; path = Info.plist; sourceTree = "<group>"; };
		DCDFE5381CF5821200ABB4B5 /* SZPlayerUITests.xctest */ = {isa = PBXFileReference; explicitFileType = wrapper.cfbundle; includeInIndex = 0; path = SZPlayerUITests.xctest; sourceTree = BUILT_PRODUCTS_DIR; };
		DCDFE53C1CF5821200ABB4B5 /* SZPlayerUITests.m */ = {isa = PBXFileReference; lastKnownFileType = sourcecode.c.objc; path = SZPlayerUITests.m; sourceTree = "<group>"; };
		DCDFE53E1CF5821200ABB4B5 /* Info.plist */ = {isa = PBXFileReference; lastKnownFileType = text.plist.xml; path = Info.plist; sourceTree = "<group>"; };
		DCDFE54E1CF5831E00ABB4B5 /* AVFoundation.framework */ = {isa = PBXFileReference; lastKnownFileType = wrapper.framework; name = AVFoundation.framework; path = System/Library/Frameworks/AVFoundation.framework; sourceTree = SDKROOT; };
/* End PBXFileReference section */

/* Begin PBXFrameworksBuildPhase section */
		DCDFE5111CF5821100ABB4B5 /* Frameworks */ = {
			isa = PBXFrameworksBuildPhase;
			buildActionMask = 2147483647;
			files = (
				DCDFE54F1CF5831E00ABB4B5 /* AVFoundation.framework in Frameworks */,
			);
			runOnlyForDeploymentPostprocessing = 0;
		};
		DCDFE52A1CF5821200ABB4B5 /* Frameworks */ = {
			isa = PBXFrameworksBuildPhase;
			buildActionMask = 2147483647;
			files = (
			);
			runOnlyForDeploymentPostprocessing = 0;
		};
		DCDFE5351CF5821200ABB4B5 /* Frameworks */ = {
			isa = PBXFrameworksBuildPhase;
			buildActionMask = 2147483647;
			files = (
			);
			runOnlyForDeploymentPostprocessing = 0;
		};
/* End PBXFrameworksBuildPhase section */

/* Begin PBXGroup section */
		DC1A6EB61CFC34410017E1B2 /* SZPlayer */ = {
			isa = PBXGroup;
			children = (
				DC1A6EB71CFC34410017E1B2 /* Resource */,
				DC1A6EC21CFC34410017E1B2 /* SZPlayer.h */,
				DC1A6EC31CFC34410017E1B2 /* SZPlayer.m */,
			);
			path = SZPlayer;
			sourceTree = "<group>";
		};
		DC1A6EB71CFC34410017E1B2 /* Resource */ = {
			isa = PBXGroup;
			children = (
				DC1A6EB81CFC34410017E1B2 /* ad_pause_p@2x.png */,
				DC1A6EB91CFC34410017E1B2 /* ad_play_p@2x.png */,
				DC1A6EBA1CFC34410017E1B2 /* fullscreen@2x.png */,
				DC1A6EBB1CFC34410017E1B2 /* ico_palyer_circle@2x.png */,
				DC1A6EBC1CFC34410017E1B2 /* nonfullscreen@2x.png */,
				DC1A6EBD1CFC34410017E1B2 /* player_back@2x.png */,
				DC1A6EBE1CFC34410017E1B2 /* player_goforward@2x.png */,
				DC1A6EBF1CFC34410017E1B2 /* progressThumb@2x.png */,
				DC1A6EC01CFC34410017E1B2 /* yinliangda.png */,
				DC1A6EC11CFC34410017E1B2 /* yinliangxiao.png */,
			);
			path = Resource;
			sourceTree = "<group>";
		};
		DCDFE50B1CF5821100ABB4B5 = {
			isa = PBXGroup;
			children = (
				DCDFE54E1CF5831E00ABB4B5 /* AVFoundation.framework */,
				DCDFE5161CF5821200ABB4B5 /* SZPlayer */,
				DCDFE5301CF5821200ABB4B5 /* SZPlayerTests */,
				DCDFE53B1CF5821200ABB4B5 /* SZPlayerUITests */,
				DCDFE5151CF5821100ABB4B5 /* Products */,
			);
			sourceTree = "<group>";
		};
		DCDFE5151CF5821100ABB4B5 /* Products */ = {
			isa = PBXGroup;
			children = (
				DCDFE5141CF5821100ABB4B5 /* SZPlayer.app */,
				DCDFE52D1CF5821200ABB4B5 /* SZPlayerTests.xctest */,
				DCDFE5381CF5821200ABB4B5 /* SZPlayerUITests.xctest */,
			);
			name = Products;
			sourceTree = "<group>";
		};
		DCDFE5161CF5821200ABB4B5 /* SZPlayer */ = {
			isa = PBXGroup;
			children = (
				DCDFE54A1CF5822000ABB4B5 /* SZPlayer */,
				DCDFE51A1CF5821200ABB4B5 /* AppDelegate.h */,
				DCDFE51B1CF5821200ABB4B5 /* AppDelegate.m */,
				DCDFE51D1CF5821200ABB4B5 /* ViewController.h */,
				DCDFE51E1CF5821200ABB4B5 /* ViewController.m */,
				125C37F91CF74B7200A6F1A4 /* PopView.xib */,
				DCDFE5201CF5821200ABB4B5 /* Main.storyboard */,
				125C37F61CF7346400A6F1A4 /* VC2.h */,
				125C37F71CF7346400A6F1A4 /* VC2.m */,
				128CB7BC1CFC945B00203D09 /* VC3.h */,
				128CB7BD1CFC945B00203D09 /* VC3.m */,
				DCDFE5231CF5821200ABB4B5 /* Assets.xcassets */,
				DCDFE5251CF5821200ABB4B5 /* LaunchScreen.storyboard */,
				DCDFE5281CF5821200ABB4B5 /* Info.plist */,
				DCDFE5171CF5821200ABB4B5 /* Supporting Files */,
			);
			path = SZPlayer;
			sourceTree = "<group>";
		};
		DCDFE5171CF5821200ABB4B5 /* Supporting Files */ = {
			isa = PBXGroup;
			children = (
				DCDFE5181CF5821200ABB4B5 /* main.m */,
			);
			name = "Supporting Files";
			sourceTree = "<group>";
		};
		DCDFE5301CF5821200ABB4B5 /* SZPlayerTests */ = {
			isa = PBXGroup;
			children = (
				DCDFE5311CF5821200ABB4B5 /* SZPlayerTests.m */,
				DCDFE5331CF5821200ABB4B5 /* Info.plist */,
			);
			path = SZPlayerTests;
			sourceTree = "<group>";
		};
		DCDFE53B1CF5821200ABB4B5 /* SZPlayerUITests */ = {
			isa = PBXGroup;
			children = (
				DCDFE53C1CF5821200ABB4B5 /* SZPlayerUITests.m */,
				DCDFE53E1CF5821200ABB4B5 /* Info.plist */,
			);
			path = SZPlayerUITests;
			sourceTree = "<group>";
		};
		DCDFE54A1CF5822000ABB4B5 /* SZPlayer */ = {
			isa = PBXGroup;
			children = (
				DC1A6EB61CFC34410017E1B2 /* SZPlayer */,
			);
			name = SZPlayer;
			sourceTree = "<group>";
		};
/* End PBXGroup section */

/* Begin PBXNativeTarget section */
		DCDFE5131CF5821100ABB4B5 /* SZPlayer */ = {
			isa = PBXNativeTarget;
			buildConfigurationList = DCDFE5411CF5821200ABB4B5 /* Build configuration list for PBXNativeTarget "SZPlayer" */;
			buildPhases = (
				DCDFE5101CF5821100ABB4B5 /* Sources */,
				DCDFE5111CF5821100ABB4B5 /* Frameworks */,
				DCDFE5121CF5821100ABB4B5 /* Resources */,
			);
			buildRules = (
			);
			dependencies = (
			);
			name = SZPlayer;
			productName = SZPlayer;
			productReference = DCDFE5141CF5821100ABB4B5 /* SZPlayer.app */;
			productType = "com.apple.product-type.application";
		};
		DCDFE52C1CF5821200ABB4B5 /* SZPlayerTests */ = {
			isa = PBXNativeTarget;
			buildConfigurationList = DCDFE5441CF5821200ABB4B5 /* Build configuration list for PBXNativeTarget "SZPlayerTests" */;
			buildPhases = (
				DCDFE5291CF5821200ABB4B5 /* Sources */,
				DCDFE52A1CF5821200ABB4B5 /* Frameworks */,
				DCDFE52B1CF5821200ABB4B5 /* Resources */,
			);
			buildRules = (
			);
			dependencies = (
				DCDFE52F1CF5821200ABB4B5 /* PBXTargetDependency */,
			);
			name = SZPlayerTests;
			productName = SZPlayerTests;
			productReference = DCDFE52D1CF5821200ABB4B5 /* SZPlayerTests.xctest */;
			productType = "com.apple.product-type.bundle.unit-test";
		};
		DCDFE5371CF5821200ABB4B5 /* SZPlayerUITests */ = {
			isa = PBXNativeTarget;
			buildConfigurationList = DCDFE5471CF5821200ABB4B5 /* Build configuration list for PBXNativeTarget "SZPlayerUITests" */;
			buildPhases = (
				DCDFE5341CF5821200ABB4B5 /* Sources */,
				DCDFE5351CF5821200ABB4B5 /* Frameworks */,
				DCDFE5361CF5821200ABB4B5 /* Resources */,
			);
			buildRules = (
			);
			dependencies = (
				DCDFE53A1CF5821200ABB4B5 /* PBXTargetDependency */,
			);
			name = SZPlayerUITests;
			productName = SZPlayerUITests;
			productReference = DCDFE5381CF5821200ABB4B5 /* SZPlayerUITests.xctest */;
			productType = "com.apple.product-type.bundle.ui-testing";
		};
/* End PBXNativeTarget section */

/* Begin PBXProject section */
		DCDFE50C1CF5821100ABB4B5 /* Project object */ = {
			isa = PBXProject;
			attributes = {
				LastUpgradeCheck = 0730;
				ORGANIZATIONNAME = ytuymu;
				TargetAttributes = {
					DCDFE5131CF5821100ABB4B5 = {
						CreatedOnToolsVersion = 7.3;
					};
					DCDFE52C1CF5821200ABB4B5 = {
						CreatedOnToolsVersion = 7.3;
						TestTargetID = DCDFE5131CF5821100ABB4B5;
					};
					DCDFE5371CF5821200ABB4B5 = {
						CreatedOnToolsVersion = 7.3;
						TestTargetID = DCDFE5131CF5821100ABB4B5;
					};
				};
			};
			buildConfigurationList = DCDFE50F1CF5821100ABB4B5 /* Build configuration list for PBXProject "SZPlayer" */;
			compatibilityVersion = "Xcode 3.2";
			developmentRegion = English;
			hasScannedForEncodings = 0;
			knownRegions = (
				en,
				Base,
			);
			mainGroup = DCDFE50B1CF5821100ABB4B5;
			productRefGroup = DCDFE5151CF5821100ABB4B5 /* Products */;
			projectDirPath = "";
			projectRoot = "";
			targets = (
				DCDFE5131CF5821100ABB4B5 /* SZPlayer */,
				DCDFE52C1CF5821200ABB4B5 /* SZPlayerTests */,
				DCDFE5371CF5821200ABB4B5 /* SZPlayerUITests */,
			);
		};
/* End PBXProject section */

/* Begin PBXResourcesBuildPhase section */
		DCDFE5121CF5821100ABB4B5 /* Resources */ = {
			isa = PBXResourcesBuildPhase;
			buildActionMask = 2147483647;
			files = (
				DC1A6EC61CFC34410017E1B2 /* fullscreen@2x.png in Resources */,
				125C37FA1CF74B7200A6F1A4 /* PopView.xib in Resources */,
				DC1A6EC91CFC34410017E1B2 /* player_back@2x.png in Resources */,
				DC1A6ECA1CFC34410017E1B2 /* player_goforward@2x.png in Resources */,
				DCDFE5271CF5821200ABB4B5 /* LaunchScreen.storyboard in Resources */,
				DC1A6ECD1CFC34410017E1B2 /* yinliangxiao.png in Resources */,
				DC1A6EC41CFC34410017E1B2 /* ad_pause_p@2x.png in Resources */,
				DC1A6ECC1CFC34410017E1B2 /* yinliangda.png in Resources */,
				DC1A6ECB1CFC34410017E1B2 /* progressThumb@2x.png in Resources */,
				DCDFE5241CF5821200ABB4B5 /* Assets.xcassets in Resources */,
				DC1A6EC71CFC34410017E1B2 /* ico_palyer_circle@2x.png in Resources */,
				DC1A6EC51CFC34410017E1B2 /* ad_play_p@2x.png in Resources */,
				DCDFE5221CF5821200ABB4B5 /* Main.storyboard in Resources */,
				DC1A6EC81CFC34410017E1B2 /* nonfullscreen@2x.png in Resources */,
			);
			runOnlyForDeploymentPostprocessing = 0;
		};
		DCDFE52B1CF5821200ABB4B5 /* Resources */ = {
			isa = PBXResourcesBuildPhase;
			buildActionMask = 2147483647;
			files = (
			);
			runOnlyForDeploymentPostprocessing = 0;
		};
		DCDFE5361CF5821200ABB4B5 /* Resources */ = {
			isa = PBXResourcesBuildPhase;
			buildActionMask = 2147483647;
			files = (
			);
			runOnlyForDeploymentPostprocessing = 0;
		};
/* End PBXResourcesBuildPhase section */

/* Begin PBXSourcesBuildPhase section */
		DCDFE5101CF5821100ABB4B5 /* Sources */ = {
			isa = PBXSourcesBuildPhase;
			buildActionMask = 2147483647;
			files = (
				128CB7BE1CFC945B00203D09 /* VC3.m in Sources */,
				DCDFE51F1CF5821200ABB4B5 /* ViewController.m in Sources */,
				DCDFE51C1CF5821200ABB4B5 /* AppDelegate.m in Sources */,
				DCDFE5191CF5821200ABB4B5 /* main.m in Sources */,
				125C37F81CF7346400A6F1A4 /* VC2.m in Sources */,
				DC1A6ECE1CFC34410017E1B2 /* SZPlayer.m in Sources */,
			);
			runOnlyForDeploymentPostprocessing = 0;
		};
		DCDFE5291CF5821200ABB4B5 /* Sources */ = {
			isa = PBXSourcesBuildPhase;
			buildActionMask = 2147483647;
			files = (
				DCDFE5321CF5821200ABB4B5 /* SZPlayerTests.m in Sources */,
			);
			runOnlyForDeploymentPostprocessing = 0;
		};
		DCDFE5341CF5821200ABB4B5 /* Sources */ = {
			isa = PBXSourcesBuildPhase;
			buildActionMask = 2147483647;
			files = (
				DCDFE53D1CF5821200ABB4B5 /* SZPlayerUITests.m in Sources */,
			);
			runOnlyForDeploymentPostprocessing = 0;
		};
/* End PBXSourcesBuildPhase section */

/* Begin PBXTargetDependency section */
		DCDFE52F1CF5821200ABB4B5 /* PBXTargetDependency */ = {
			isa = PBXTargetDependency;
			target = DCDFE5131CF5821100ABB4B5 /* SZPlayer */;
			targetProxy = DCDFE52E1CF5821200ABB4B5 /* PBXContainerItemProxy */;
		};
		DCDFE53A1CF5821200ABB4B5 /* PBXTargetDependency */ = {
			isa = PBXTargetDependency;
			target = DCDFE5131CF5821100ABB4B5 /* SZPlayer */;
			targetProxy = DCDFE5391CF5821200ABB4B5 /* PBXContainerItemProxy */;
		};
/* End PBXTargetDependency section */

/* Begin PBXVariantGroup section */
		DCDFE5201CF5821200ABB4B5 /* Main.storyboard */ = {
			isa = PBXVariantGroup;
			children = (
				DCDFE5211CF5821200ABB4B5 /* Base */,
			);
			name = Main.storyboard;
			sourceTree = "<group>";
		};
		DCDFE5251CF5821200ABB4B5 /* LaunchScreen.storyboard */ = {
			isa = PBXVariantGroup;
			children = (
				DCDFE5261CF5821200ABB4B5 /* Base */,
			);
			name = LaunchScreen.storyboard;
			sourceTree = "<group>";
		};
/* End PBXVariantGroup section */

/* Begin XCBuildConfiguration section */
		DCDFE53F1CF5821200ABB4B5 /* Debug */ = {
			isa = XCBuildConfiguration;
			buildSettings = {
				ALWAYS_SEARCH_USER_PATHS = NO;
				CLANG_ANALYZER_NONNULL = YES;
				CLANG_CXX_LANGUAGE_STANDARD = "gnu++0x";
				CLANG_CXX_LIBRARY = "libc++";
				CLANG_ENABLE_MODULES = YES;
				CLANG_ENABLE_OBJC_ARC = YES;
				CLANG_WARN_BOOL_CONVERSION = YES;
				CLANG_WARN_CONSTANT_CONVERSION = YES;
				CLANG_WARN_DIRECT_OBJC_ISA_USAGE = YES_ERROR;
				CLANG_WARN_EMPTY_BODY = YES;
				CLANG_WARN_ENUM_CONVERSION = YES;
				CLANG_WARN_INT_CONVERSION = YES;
				CLANG_WARN_OBJC_ROOT_CLASS = YES_ERROR;
				CLANG_WARN_UNREACHABLE_CODE = YES;
				CLANG_WARN__DUPLICATE_METHOD_MATCH = YES;
				"CODE_SIGN_IDENTITY[sdk=iphoneos*]" = "iPhone Developer";
				COPY_PHASE_STRIP = NO;
				DEBUG_INFORMATION_FORMAT = dwarf;
				ENABLE_STRICT_OBJC_MSGSEND = YES;
				ENABLE_TESTABILITY = YES;
				GCC_C_LANGUAGE_STANDARD = gnu99;
				GCC_DYNAMIC_NO_PIC = NO;
				GCC_NO_COMMON_BLOCKS = YES;
				GCC_OPTIMIZATION_LEVEL = 0;
				GCC_PREPROCESSOR_DEFINITIONS = (
					"DEBUG=1",
					"$(inherited)",
				);
				GCC_WARN_64_TO_32_BIT_CONVERSION = YES;
				GCC_WARN_ABOUT_RETURN_TYPE = YES_ERROR;
				GCC_WARN_UNDECLARED_SELECTOR = YES;
				GCC_WARN_UNINITIALIZED_AUTOS = YES_AGGRESSIVE;
				GCC_WARN_UNUSED_FUNCTION = YES;
				GCC_WARN_UNUSED_VARIABLE = YES;
				IPHONEOS_DEPLOYMENT_TARGET = 9.3;
				MTL_ENABLE_DEBUG_INFO = YES;
				ONLY_ACTIVE_ARCH = YES;
				SDKROOT = iphoneos;
				TARGETED_DEVICE_FAMILY = "1,2";
			};
			name = Debug;
		};
		DCDFE5401CF5821200ABB4B5 /* Release */ = {
			isa = XCBuildConfiguration;
			buildSettings = {
				ALWAYS_SEARCH_USER_PATHS = NO;
				CLANG_ANALYZER_NONNULL = YES;
				CLANG_CXX_LANGUAGE_STANDARD = "gnu++0x";
				CLANG_CXX_LIBRARY = "libc++";
				CLANG_ENABLE_MODULES = YES;
				CLANG_ENABLE_OBJC_ARC = YES;
				CLANG_WARN_BOOL_CONVERSION = YES;
				CLANG_WARN_CONSTANT_CONVERSION = YES;
				CLANG_WARN_DIRECT_OBJC_ISA_USAGE = YES_ERROR;
				CLANG_WARN_EMPTY_BODY = YES;
				CLANG_WARN_ENUM_CONVERSION = YES;
				CLANG_WARN_INT_CONVERSION = YES;
				CLANG_WARN_OBJC_ROOT_CLASS = YES_ERROR;
				CLANG_WARN_UNREACHABLE_CODE = YES;
				CLANG_WARN__DUPLICATE_METHOD_MATCH = YES;
				"CODE_SIGN_IDENTITY[sdk=iphoneos*]" = "iPhone Developer";
				COPY_PHASE_STRIP = NO;
				DEBUG_INFORMATION_FORMAT = "dwarf-with-dsym";
				ENABLE_NS_ASSERTIONS = NO;
				ENABLE_STRICT_OBJC_MSGSEND = YES;
				GCC_C_LANGUAGE_STANDARD = gnu99;
				GCC_NO_COMMON_BLOCKS = YES;
				GCC_WARN_64_TO_32_BIT_CONVERSION = YES;
				GCC_WARN_ABOUT_RETURN_TYPE = YES_ERROR;
				GCC_WARN_UNDECLARED_SELECTOR = YES;
				GCC_WARN_UNINITIALIZED_AUTOS = YES_AGGRESSIVE;
				GCC_WARN_UNUSED_FUNCTION = YES;
				GCC_WARN_UNUSED_VARIABLE = YES;
				IPHONEOS_DEPLOYMENT_TARGET = 9.3;
				MTL_ENABLE_DEBUG_INFO = NO;
				SDKROOT = iphoneos;
				TARGETED_DEVICE_FAMILY = "1,2";
				VALIDATE_PRODUCT = YES;
			};
			name = Release;
		};
		DCDFE5421CF5821200ABB4B5 /* Debug */ = {
			isa = XCBuildConfiguration;
			buildSettings = {
				ASSETCATALOG_COMPILER_APPICON_NAME = AppIcon;
				INFOPLIST_FILE = SZPlayer/Info.plist;
				LD_RUNPATH_SEARCH_PATHS = "$(inherited) @executable_path/Frameworks";
				PRODUCT_BUNDLE_IDENTIFIER = com.ytuymu.SZPlayer;
				PRODUCT_NAME = "$(TARGET_NAME)";
			};
			name = Debug;
		};
		DCDFE5431CF5821200ABB4B5 /* Release */ = {
			isa = XCBuildConfiguration;
			buildSettings = {
				ASSETCATALOG_COMPILER_APPICON_NAME = AppIcon;
				INFOPLIST_FILE = SZPlayer/Info.plist;
				LD_RUNPATH_SEARCH_PATHS = "$(inherited) @executable_path/Frameworks";
				PRODUCT_BUNDLE_IDENTIFIER = com.ytuymu.SZPlayer;
				PRODUCT_NAME = "$(TARGET_NAME)";
			};
			name = Release;
		};
		DCDFE5451CF5821200ABB4B5 /* Debug */ = {
			isa = XCBuildConfiguration;
			buildSettings = {
				BUNDLE_LOADER = "$(TEST_HOST)";
				INFOPLIST_FILE = SZPlayerTests/Info.plist;
				LD_RUNPATH_SEARCH_PATHS = "$(inherited) @executable_path/Frameworks @loader_path/Frameworks";
				PRODUCT_BUNDLE_IDENTIFIER = com.ytuymu.SZPlayerTests;
				PRODUCT_NAME = "$(TARGET_NAME)";
				TEST_HOST = "$(BUILT_PRODUCTS_DIR)/SZPlayer.app/SZPlayer";
			};
			name = Debug;
		};
		DCDFE5461CF5821200ABB4B5 /* Release */ = {
			isa = XCBuildConfiguration;
			buildSettings = {
				BUNDLE_LOADER = "$(TEST_HOST)";
				INFOPLIST_FILE = SZPlayerTests/Info.plist;
				LD_RUNPATH_SEARCH_PATHS = "$(inherited) @executable_path/Frameworks @loader_path/Frameworks";
				PRODUCT_BUNDLE_IDENTIFIER = com.ytuymu.SZPlayerTests;
				PRODUCT_NAME = "$(TARGET_NAME)";
				TEST_HOST = "$(BUILT_PRODUCTS_DIR)/SZPlayer.app/SZPlayer";
			};
			name = Release;
		};
		DCDFE5481CF5821200ABB4B5 /* Debug */ = {
			isa = XCBuildConfiguration;
			buildSettings = {
				INFOPLIST_FILE = SZPlayerUITests/Info.plist;
				LD_RUNPATH_SEARCH_PATHS = "$(inherited) @executable_path/Frameworks @loader_path/Frameworks";
				PRODUCT_BUNDLE_IDENTIFIER = com.ytuymu.SZPlayerUITests;
				PRODUCT_NAME = "$(TARGET_NAME)";
				TEST_TARGET_NAME = SZPlayer;
			};
			name = Debug;
		};
		DCDFE5491CF5821200ABB4B5 /* Release */ = {
			isa = XCBuildConfiguration;
			buildSettings = {
				INFOPLIST_FILE = SZPlayerUITests/Info.plist;
				LD_RUNPATH_SEARCH_PATHS = "$(inherited) @executable_path/Frameworks @loader_path/Frameworks";
				PRODUCT_BUNDLE_IDENTIFIER = com.ytuymu.SZPlayerUITests;
				PRODUCT_NAME = "$(TARGET_NAME)";
				TEST_TARGET_NAME = SZPlayer;
			};
			name = Release;
		};
/* End XCBuildConfiguration section */

/* Begin XCConfigurationList section */
		DCDFE50F1CF5821100ABB4B5 /* Build configuration list for PBXProject "SZPlayer" */ = {
			isa = XCConfigurationList;
			buildConfigurations = (
				DCDFE53F1CF5821200ABB4B5 /* Debug */,
				DCDFE5401CF5821200ABB4B5 /* Release */,
			);
			defaultConfigurationIsVisible = 0;
			defaultConfigurationName = Release;
		};
		DCDFE5411CF5821200ABB4B5 /* Build configuration list for PBXNativeTarget "SZPlayer" */ = {
			isa = XCConfigurationList;
			buildConfigurations = (
				DCDFE5421CF5821200ABB4B5 /* Debug */,
				DCDFE5431CF5821200ABB4B5 /* Release */,
			);
			defaultConfigurationIsVisible = 0;
			defaultConfigurationName = Release;
		};
		DCDFE5441CF5821200ABB4B5 /* Build configuration list for PBXNativeTarget "SZPlayerTests" */ = {
			isa = XCConfigurationList;
			buildConfigurations = (
				DCDFE5451CF5821200ABB4B5 /* Debug */,
				DCDFE5461CF5821200ABB4B5 /* Release */,
			);
			defaultConfigurationIsVisible = 0;
			defaultConfigurationName = Release;
		};
		DCDFE5471CF5821200ABB4B5 /* Build configuration list for PBXNativeTarget "SZPlayerUITests" */ = {
			isa = XCConfigurationList;
			buildConfigurations = (
				DCDFE5481CF5821200ABB4B5 /* Debug */,
				DCDFE5491CF5821200ABB4B5 /* Release */,
			);
			defaultConfigurationIsVisible = 0;
			defaultConfigurationName = Release;
		};
/* End XCConfigurationList section */
	};
	rootObject = DCDFE50C1CF5821100ABB4B5 /* Project object */;
}
